
Microsoft Visual Studio Solution File, Format Version 12.00
# Visual Studio Version 17
VisualStudioVersion = 17.4.33213.308
MinimumVisualStudioVersion = 10.0.40219.1
Project("{FAE04EC0-301F-11D3-BF4B-00C04F79EFBC}") = "personel_kayıt_programı", "personel_kayıt_programı\personel_kayıt_programı.csproj", "{DCE831C5-8F4B-4F5E-BCB8-639D94EA9F66}"
EndProject
Global
	GlobalSection(SolutionConfigurationPlatforms) = preSolution
		Debug|Any CPU = Debug|Any CPU
		Release|Any CPU = Release|Any CPU
	EndGlobalSection
	GlobalSection(ProjectConfigurationPlatforms) = postSolution
		{DCE831C5-8F4B-4F5E-BCB8-639D94EA9F66}.Debug|Any CPU.ActiveCfg = Debug|Any CPU
		{DCE831C5-8F4B-4F5E-BCB8-639D94EA9F66}.Debug|Any CPU.Build.0 = Debug|Any CPU
		{DCE831C5-8F4B-4F5E-BCB8-639D94EA9F66}.Release|Any CPU.ActiveCfg = Release|Any CPU
		{DCE831C5-8F4B-4F5E-BCB8-639D94EA9F66}.Release|Any CPU.Build.0 = Release|Any CPU
	EndGlobalSection
	GlobalSection(SolutionProperties) = preSolution
		HideSolutionNode = FALSE
	EndGlobalSection
	GlobalSection(ExtensibilityGlobals) = postSolution
		SolutionGuid = {1038867D-4AC2-4AD4-AA54-93F179FE6957}
	EndGlobalSection
EndGlobal
